
Microsoft Visual Studio Solution File, Format Version 12.00
# Visual Studio Version 16
VisualStudioVersion = 16.0.31702.278
MinimumVisualStudioVersion = 10.0.40219.1
Project("{FAE04EC0-301F-11D3-BF4B-00C04F79EFBC}") = "TesteMarttech", "TesteMarttech\TesteMarttech.csproj", "{BA0C9111-4065-4750-9D6A-A5451D2117C9}"
EndProject
Global
	GlobalSection(SolutionConfigurationPlatforms) = preSolution
		Debug|Any CPU = Debug|Any CPU
		Release|Any CPU = Release|Any CPU
	EndGlobalSection
	GlobalSection(ProjectConfigurationPlatforms) = postSolution
		{BA0C9111-4065-4750-9D6A-A5451D2117C9}.Debug|Any CPU.ActiveCfg = Debug|Any CPU
		{BA0C9111-4065-4750-9D6A-A5451D2117C9}.Debug|Any CPU.Build.0 = Debug|Any CPU
		{BA0C9111-4065-4750-9D6A-A5451D2117C9}.Release|Any CPU.ActiveCfg = Release|Any CPU
		{BA0C9111-4065-4750-9D6A-A5451D2117C9}.Release|Any CPU.Build.0 = Release|Any CPU
	EndGlobalSection
	GlobalSection(SolutionProperties) = preSolution
		HideSolutionNode = FALSE
	EndGlobalSection
	GlobalSection(ExtensibilityGlobals) = postSolution
		SolutionGuid = {3E4414AC-DB5A-44BF-B41D-428C614A086C}
	EndGlobalSection
EndGlobal
